
Microsoft Visual Studio Solution File, Format Version 12.00
# Visual Studio Version 17
VisualStudioVersion = 17.4.33205.214
MinimumVisualStudioVersion = 10.0.40219.1
Project("{FAE04EC0-301F-11D3-BF4B-00C04F79EFBC}") = "Investing Alarm", "Investing Alarm\Investing Alarm.csproj", "{07897CF3-DA72-4CEB-BE91-54D12CE7CDB1}"
EndProject
Global
	GlobalSection(SolutionConfigurationPlatforms) = preSolution
		Debug|Any CPU = Debug|Any CPU
		Release|Any CPU = Release|Any CPU
	EndGlobalSection
	GlobalSection(ProjectConfigurationPlatforms) = postSolution
		{07897CF3-DA72-4CEB-BE91-54D12CE7CDB1}.Debug|Any CPU.ActiveCfg = Debug|Any CPU
		{07897CF3-DA72-4CEB-BE91-54D12CE7CDB1}.Debug|Any CPU.Build.0 = Debug|Any CPU
		{07897CF3-DA72-4CEB-BE91-54D12CE7CDB1}.Release|Any CPU.ActiveCfg = Release|Any CPU
		{07897CF3-DA72-4CEB-BE91-54D12CE7CDB1}.Release|Any CPU.Build.0 = Release|Any CPU
	EndGlobalSection
	GlobalSection(SolutionProperties) = preSolution
		HideSolutionNode = FALSE
	EndGlobalSection
	GlobalSection(ExtensibilityGlobals) = postSolution
		SolutionGuid = {E0A70266-2551-428E-B593-05769284883C}
	EndGlobalSection
EndGlobal
